
Microsoft Visual Studio Solution File, Format Version 12.00
# Visual Studio Version 17
VisualStudioVersion = 17.5.002.0
MinimumVisualStudioVersion = 10.0.40219.1
Project("{9A19103F-16F7-4668-BE54-9A1E7A4F7556}") = "projetolegal", "projetolegal\projetolegal.csproj", "{1584F9FB-1859-4FDA-B06A-758AFBABDDCF}"
EndProject
Global
	GlobalSection(SolutionConfigurationPlatforms) = preSolution
		Debug|Any CPU = Debug|Any CPU
		Release|Any CPU = Release|Any CPU
	EndGlobalSection
	GlobalSection(ProjectConfigurationPlatforms) = postSolution
		{1584F9FB-1859-4FDA-B06A-758AFBABDDCF}.Debug|Any CPU.ActiveCfg = Debug|Any CPU
		{1584F9FB-1859-4FDA-B06A-758AFBABDDCF}.Debug|Any CPU.Build.0 = Debug|Any CPU
		{1584F9FB-1859-4FDA-B06A-758AFBABDDCF}.Release|Any CPU.ActiveCfg = Release|Any CPU
		{1584F9FB-1859-4FDA-B06A-758AFBABDDCF}.Release|Any CPU.Build.0 = Release|Any CPU
	EndGlobalSection
	GlobalSection(SolutionProperties) = preSolution
		HideSolutionNode = FALSE
	EndGlobalSection
	GlobalSection(ExtensibilityGlobals) = postSolution
		SolutionGuid = {AFFA3042-3FDD-4319-9EB9-90BADC89DA5C}
	EndGlobalSection
EndGlobal
